
Microsoft Visual Studio Solution File, Format Version 12.00
# Visual Studio Version 17
VisualStudioVersion = 17.1.32328.378
MinimumVisualStudioVersion = 10.0.40219.1
Project("{9A19103F-16F7-4668-BE54-9A1E7A4F7556}") = "WeatherParser.ConsolePL", "WeatherParser\WeatherParser.ConsolePL.csproj", "{E27D6945-216B-463B-82F4-9D8B9CDD60EE}"
EndProject
Project("{9A19103F-16F7-4668-BE54-9A1E7A4F7556}") = "WeatherParser.Presentation.Entities", "WeatherParser.Entities\WeatherParser.Presentation.Entities.csproj", "{FFAEDD39-9F3F-42B9-B63F-0393876DB8A6}"
EndProject
Project("{2150E333-8FDC-42A3-9474-1A3956D46DE8}") = "Service", "Service", "{15B178C3-09CA-4D0A-A9AE-6C8A92EEB685}"
EndProject
Project("{2150E333-8FDC-42A3-9474-1A3956D46DE8}") = "Common", "Common", "{4CE39F57-AE96-4B86-88AE-F319A4A6199D}"
EndProject
Project("{2150E333-8FDC-42A3-9474-1A3956D46DE8}") = "Presentation", "Presentation", "{4E130A99-52CD-4657-8F24-F8B455CC15E4}"
EndProject
Project("{2150E333-8FDC-42A3-9474-1A3956D46DE8}") = "Repository", "Repository", "{762120EE-36DF-4034-A73C-645697E1B96E}"
EndProject
Project("{9A19103F-16F7-4668-BE54-9A1E7A4F7556}") = "WeatherParser.Repository", "WeatherParser.RepositoryFiles\WeatherParser.Repository.csproj", "{DDB836D4-5505-4B8C-8B3B-D815CECB6259}"
EndProject
Project("{9A19103F-16F7-4668-BE54-9A1E7A4F7556}") = "WeatherParser.WPF", "Weather\WeatherParser.WPF.csproj", "{43BF3001-EA38-4821-9F02-A6CA74127DA9}"
EndProject
Project("{9A19103F-16F7-4668-BE54-9A1E7A4F7556}") = "WeatherParser.Service", "WeatherParser.Servicee\WeatherParser.Service.csproj", "{A08DDF14-4179-4121-8572-28088198943E}"
EndProject
Project("{9A19103F-16F7-4668-BE54-9A1E7A4F7556}") = "TimerSaveDataService", "TimerSaveDataService\TimerSaveDataService.csproj", "{E4FF9A36-58C4-4E39-A58E-5F5AE2C4487D}"
EndProject
Project("{9A19103F-16F7-4668-BE54-9A1E7A4F7556}") = "WeatherParser.GrpcService", "WeatherParser.GrpcService\WeatherParser.GrpcService.csproj", "{8C62A650-31D5-4D62-A132-B4E934496304}"
EndProject
Global
	GlobalSection(SolutionConfigurationPlatforms) = preSolution
		Debug|Any CPU = Debug|Any CPU
		Release|Any CPU = Release|Any CPU
	EndGlobalSection
	GlobalSection(ProjectConfigurationPlatforms) = postSolution
		{E27D6945-216B-463B-82F4-9D8B9CDD60EE}.Debug|Any CPU.ActiveCfg = Debug|Any CPU
		{E27D6945-216B-463B-82F4-9D8B9CDD60EE}.Debug|Any CPU.Build.0 = Debug|Any CPU
		{E27D6945-216B-463B-82F4-9D8B9CDD60EE}.Release|Any CPU.ActiveCfg = Release|Any CPU
		{E27D6945-216B-463B-82F4-9D8B9CDD60EE}.Release|Any CPU.Build.0 = Release|Any CPU
		{FFAEDD39-9F3F-42B9-B63F-0393876DB8A6}.Debug|Any CPU.ActiveCfg = Debug|Any CPU
		{FFAEDD39-9F3F-42B9-B63F-0393876DB8A6}.Debug|Any CPU.Build.0 = Debug|Any CPU
		{FFAEDD39-9F3F-42B9-B63F-0393876DB8A6}.Release|Any CPU.ActiveCfg = Release|Any CPU
		{FFAEDD39-9F3F-42B9-B63F-0393876DB8A6}.Release|Any CPU.Build.0 = Release|Any CPU
		{DDB836D4-5505-4B8C-8B3B-D815CECB6259}.Debug|Any CPU.ActiveCfg = Debug|Any CPU
		{DDB836D4-5505-4B8C-8B3B-D815CECB6259}.Debug|Any CPU.Build.0 = Debug|Any CPU
		{DDB836D4-5505-4B8C-8B3B-D815CECB6259}.Release|Any CPU.ActiveCfg = Release|Any CPU
		{DDB836D4-5505-4B8C-8B3B-D815CECB6259}.Release|Any CPU.Build.0 = Release|Any CPU
		{43BF3001-EA38-4821-9F02-A6CA74127DA9}.Debug|Any CPU.ActiveCfg = Debug|Any CPU
		{43BF3001-EA38-4821-9F02-A6CA74127DA9}.Debug|Any CPU.Build.0 = Debug|Any CPU
		{43BF3001-EA38-4821-9F02-A6CA74127DA9}.Release|Any CPU.ActiveCfg = Release|Any CPU
		{43BF3001-EA38-4821-9F02-A6CA74127DA9}.Release|Any CPU.Build.0 = Release|Any CPU
		{A08DDF14-4179-4121-8572-28088198943E}.Debug|Any CPU.ActiveCfg = Debug|Any CPU
		{A08DDF14-4179-4121-8572-28088198943E}.Debug|Any CPU.Build.0 = Debug|Any CPU
		{A08DDF14-4179-4121-8572-28088198943E}.Release|Any CPU.ActiveCfg = Release|Any CPU
		{A08DDF14-4179-4121-8572-28088198943E}.Release|Any CPU.Build.0 = Release|Any CPU
		{E4FF9A36-58C4-4E39-A58E-5F5AE2C4487D}.Debug|Any CPU.ActiveCfg = Debug|Any CPU
		{E4FF9A36-58C4-4E39-A58E-5F5AE2C4487D}.Debug|Any CPU.Build.0 = Debug|Any CPU
		{E4FF9A36-58C4-4E39-A58E-5F5AE2C4487D}.Release|Any CPU.ActiveCfg = Release|Any CPU
		{E4FF9A36-58C4-4E39-A58E-5F5AE2C4487D}.Release|Any CPU.Build.0 = Release|Any CPU
		{8C62A650-31D5-4D62-A132-B4E934496304}.Debug|Any CPU.ActiveCfg = Debug|Any CPU
		{8C62A650-31D5-4D62-A132-B4E934496304}.Debug|Any CPU.Build.0 = Debug|Any CPU
		{8C62A650-31D5-4D62-A132-B4E934496304}.Release|Any CPU.ActiveCfg = Release|Any CPU
		{8C62A650-31D5-4D62-A132-B4E934496304}.Release|Any CPU.Build.0 = Release|Any CPU
	EndGlobalSection
	GlobalSection(SolutionProperties) = preSolution
		HideSolutionNode = FALSE
	EndGlobalSection
	GlobalSection(NestedProjects) = preSolution
		{E27D6945-216B-463B-82F4-9D8B9CDD60EE} = {4E130A99-52CD-4657-8F24-F8B455CC15E4}
		{FFAEDD39-9F3F-42B9-B63F-0393876DB8A6} = {4CE39F57-AE96-4B86-88AE-F319A4A6199D}
		{4CE39F57-AE96-4B86-88AE-F319A4A6199D} = {4E130A99-52CD-4657-8F24-F8B455CC15E4}
		{DDB836D4-5505-4B8C-8B3B-D815CECB6259} = {762120EE-36DF-4034-A73C-645697E1B96E}
		{43BF3001-EA38-4821-9F02-A6CA74127DA9} = {4E130A99-52CD-4657-8F24-F8B455CC15E4}
		{A08DDF14-4179-4121-8572-28088198943E} = {15B178C3-09CA-4D0A-A9AE-6C8A92EEB685}
		{E4FF9A36-58C4-4E39-A58E-5F5AE2C4487D} = {4E130A99-52CD-4657-8F24-F8B455CC15E4}
	EndGlobalSection
	GlobalSection(ExtensibilityGlobals) = postSolution
		SolutionGuid = {2572A8D4-8954-49A1-A1FB-F0C141F742B9}
	EndGlobalSection
EndGlobal
