
Microsoft Visual Studio Solution File, Format Version 12.00
# Visual Studio Version 17
VisualStudioVersion = 17.1.32328.378
MinimumVisualStudioVersion = 10.0.40219.1
Project("{9A19103F-16F7-4668-BE54-9A1E7A4F7556}") = "WeatherParser.ConsolePL", "WeatherParser.ConsolePL\WeatherParser.ConsolePL.csproj", "{E27D6945-216B-463B-82F4-9D8B9CDD60EE}"
EndProject
Project("{9A19103F-16F7-4668-BE54-9A1E7A4F7556}") = "WeatherParser.Presentation.Entities", "WeatherParser.Presentation.Entities\WeatherParser.Presentation.Entities.csproj", "{FFAEDD39-9F3F-42B9-B63F-0393876DB8A6}"
EndProject
Project("{2150E333-8FDC-42A3-9474-1A3956D46DE8}") = "Service", "Service", "{15B178C3-09CA-4D0A-A9AE-6C8A92EEB685}"
EndProject
Project("{2150E333-8FDC-42A3-9474-1A3956D46DE8}") = "Common", "Common", "{4CE39F57-AE96-4B86-88AE-F319A4A6199D}"
EndProject
Project("{2150E333-8FDC-42A3-9474-1A3956D46DE8}") = "Presentation", "Presentation", "{4E130A99-52CD-4657-8F24-F8B455CC15E4}"
EndProject
Project("{2150E333-8FDC-42A3-9474-1A3956D46DE8}") = "Repository", "Repository", "{762120EE-36DF-4034-A73C-645697E1B96E}"
EndProject
Project("{9A19103F-16F7-4668-BE54-9A1E7A4F7556}") = "WeatherParser.Repository", "WeatherParser.Repository\WeatherParser.Repository.csproj", "{DDB836D4-5505-4B8C-8B3B-D815CECB6259}"
EndProject
Project("{9A19103F-16F7-4668-BE54-9A1E7A4F7556}") = "WeatherParser.WPF", "WeatherParser.WPF\WeatherParser.WPF.csproj", "{43BF3001-EA38-4821-9F02-A6CA74127DA9}"
EndProject
Project("{9A19103F-16F7-4668-BE54-9A1E7A4F7556}") = "WeatherParser.Service", "WeatherParser.Service\WeatherParser.Service.csproj", "{A08DDF14-4179-4121-8572-28088198943E}"
EndProject
Project("{9A19103F-16F7-4668-BE54-9A1E7A4F7556}") = "WeatherParser.GrpcService", "WeatherParser.GrpcService\WeatherParser.GrpcService.csproj", "{8C62A650-31D5-4D62-A132-B4E934496304}"
EndProject
Project("{9A19103F-16F7-4668-BE54-9A1E7A4F7556}") = "WeatherParser.Service.GismeteoService", "WeatherParser.Service.GismeteoService\WeatherParser.Service.GismeteoService.csproj", "{617EB9DF-685B-4F96-8863-1FECB15C29A1}"
EndProject
Project("{2150E333-8FDC-42A3-9474-1A3956D46DE8}") = "Plugins", "Plugins", "{7A413FED-90C8-41AF-9EDF-E9DBF90F8E8A}"
EndProject
Project("{2150E333-8FDC-42A3-9474-1A3956D46DE8}") = "Entities", "Entities", "{5384F156-3757-40B6-8450-38BA5CEC8185}"
EndProject
Project("{9A19103F-16F7-4668-BE54-9A1E7A4F7556}") = "WeatherParser.Service.Entities", "WeatherParser.Service.Entities\WeatherParser.Service.Entities.csproj", "{1074F572-7445-484C-94C2-87FE7F6F79FE}"
EndProject
Project("{9A19103F-16F7-4668-BE54-9A1E7A4F7556}") = "WeatherParser.Service.Common", "WeatherParser.Service.Common\WeatherParser.Service.Common.csproj", "{12A0752F-D2FD-4703-9F6C-64BED5E80496}"
EndProject
Project("{9A19103F-16F7-4668-BE54-9A1E7A4F7556}") = "WeatherParser.Service.OpenWeatherMapService", "WeatherParser.Service.OpenWeatherMapService\WeatherParser.Service.OpenWeatherMapService.csproj", "{9662FF40-6F92-458D-AD9B-CDD7CA7A524D}"
EndProject
Project("{9A19103F-16F7-4668-BE54-9A1E7A4F7556}") = "WeatherParser.WinService", "WeatherParser.WinService\WeatherParser.WinService.csproj", "{AB0AD056-D7A7-4554-8859-3A1AC5DF5322}"
EndProject
Project("{9A19103F-16F7-4668-BE54-9A1E7A4F7556}") = "WeatherParser.MAUI", "WeatherParser.MAUI\WeatherParser.MAUI.csproj", "{18F76742-34D0-433C-9D61-19FFB672FC91}"
EndProject
Global
	GlobalSection(SolutionConfigurationPlatforms) = preSolution
		Debug|Any CPU = Debug|Any CPU
		Release|Any CPU = Release|Any CPU
	EndGlobalSection
	GlobalSection(ProjectConfigurationPlatforms) = postSolution
		{E27D6945-216B-463B-82F4-9D8B9CDD60EE}.Debug|Any CPU.ActiveCfg = Debug|Any CPU
		{E27D6945-216B-463B-82F4-9D8B9CDD60EE}.Debug|Any CPU.Build.0 = Debug|Any CPU
		{E27D6945-216B-463B-82F4-9D8B9CDD60EE}.Release|Any CPU.ActiveCfg = Release|Any CPU
		{E27D6945-216B-463B-82F4-9D8B9CDD60EE}.Release|Any CPU.Build.0 = Release|Any CPU
		{FFAEDD39-9F3F-42B9-B63F-0393876DB8A6}.Debug|Any CPU.ActiveCfg = Debug|Any CPU
		{FFAEDD39-9F3F-42B9-B63F-0393876DB8A6}.Debug|Any CPU.Build.0 = Debug|Any CPU
		{FFAEDD39-9F3F-42B9-B63F-0393876DB8A6}.Release|Any CPU.ActiveCfg = Release|Any CPU
		{FFAEDD39-9F3F-42B9-B63F-0393876DB8A6}.Release|Any CPU.Build.0 = Release|Any CPU
		{DDB836D4-5505-4B8C-8B3B-D815CECB6259}.Debug|Any CPU.ActiveCfg = Debug|Any CPU
		{DDB836D4-5505-4B8C-8B3B-D815CECB6259}.Debug|Any CPU.Build.0 = Debug|Any CPU
		{DDB836D4-5505-4B8C-8B3B-D815CECB6259}.Release|Any CPU.ActiveCfg = Release|Any CPU
		{DDB836D4-5505-4B8C-8B3B-D815CECB6259}.Release|Any CPU.Build.0 = Release|Any CPU
		{43BF3001-EA38-4821-9F02-A6CA74127DA9}.Debug|Any CPU.ActiveCfg = Debug|Any CPU
		{43BF3001-EA38-4821-9F02-A6CA74127DA9}.Debug|Any CPU.Build.0 = Debug|Any CPU
		{43BF3001-EA38-4821-9F02-A6CA74127DA9}.Release|Any CPU.ActiveCfg = Release|Any CPU
		{43BF3001-EA38-4821-9F02-A6CA74127DA9}.Release|Any CPU.Build.0 = Release|Any CPU
		{A08DDF14-4179-4121-8572-28088198943E}.Debug|Any CPU.ActiveCfg = Debug|Any CPU
		{A08DDF14-4179-4121-8572-28088198943E}.Debug|Any CPU.Build.0 = Debug|Any CPU
		{A08DDF14-4179-4121-8572-28088198943E}.Release|Any CPU.ActiveCfg = Release|Any CPU
		{A08DDF14-4179-4121-8572-28088198943E}.Release|Any CPU.Build.0 = Release|Any CPU
		{8C62A650-31D5-4D62-A132-B4E934496304}.Debug|Any CPU.ActiveCfg = Debug|Any CPU
		{8C62A650-31D5-4D62-A132-B4E934496304}.Debug|Any CPU.Build.0 = Debug|Any CPU
		{8C62A650-31D5-4D62-A132-B4E934496304}.Release|Any CPU.ActiveCfg = Release|Any CPU
		{8C62A650-31D5-4D62-A132-B4E934496304}.Release|Any CPU.Build.0 = Release|Any CPU
		{617EB9DF-685B-4F96-8863-1FECB15C29A1}.Debug|Any CPU.ActiveCfg = Debug|Any CPU
		{617EB9DF-685B-4F96-8863-1FECB15C29A1}.Debug|Any CPU.Build.0 = Debug|Any CPU
		{617EB9DF-685B-4F96-8863-1FECB15C29A1}.Release|Any CPU.ActiveCfg = Release|Any CPU
		{617EB9DF-685B-4F96-8863-1FECB15C29A1}.Release|Any CPU.Build.0 = Release|Any CPU
		{1074F572-7445-484C-94C2-87FE7F6F79FE}.Debug|Any CPU.ActiveCfg = Debug|Any CPU
		{1074F572-7445-484C-94C2-87FE7F6F79FE}.Debug|Any CPU.Build.0 = Debug|Any CPU
		{1074F572-7445-484C-94C2-87FE7F6F79FE}.Release|Any CPU.ActiveCfg = Release|Any CPU
		{1074F572-7445-484C-94C2-87FE7F6F79FE}.Release|Any CPU.Build.0 = Release|Any CPU
		{12A0752F-D2FD-4703-9F6C-64BED5E80496}.Debug|Any CPU.ActiveCfg = Debug|Any CPU
		{12A0752F-D2FD-4703-9F6C-64BED5E80496}.Debug|Any CPU.Build.0 = Debug|Any CPU
		{12A0752F-D2FD-4703-9F6C-64BED5E80496}.Release|Any CPU.ActiveCfg = Release|Any CPU
		{12A0752F-D2FD-4703-9F6C-64BED5E80496}.Release|Any CPU.Build.0 = Release|Any CPU
		{9662FF40-6F92-458D-AD9B-CDD7CA7A524D}.Debug|Any CPU.ActiveCfg = Debug|Any CPU
		{9662FF40-6F92-458D-AD9B-CDD7CA7A524D}.Debug|Any CPU.Build.0 = Debug|Any CPU
		{9662FF40-6F92-458D-AD9B-CDD7CA7A524D}.Release|Any CPU.ActiveCfg = Release|Any CPU
		{9662FF40-6F92-458D-AD9B-CDD7CA7A524D}.Release|Any CPU.Build.0 = Release|Any CPU
		{AB0AD056-D7A7-4554-8859-3A1AC5DF5322}.Debug|Any CPU.ActiveCfg = Debug|Any CPU
		{AB0AD056-D7A7-4554-8859-3A1AC5DF5322}.Debug|Any CPU.Build.0 = Debug|Any CPU
		{AB0AD056-D7A7-4554-8859-3A1AC5DF5322}.Release|Any CPU.ActiveCfg = Release|Any CPU
		{AB0AD056-D7A7-4554-8859-3A1AC5DF5322}.Release|Any CPU.Build.0 = Release|Any CPU
		{18F76742-34D0-433C-9D61-19FFB672FC91}.Debug|Any CPU.ActiveCfg = Debug|Any CPU
		{18F76742-34D0-433C-9D61-19FFB672FC91}.Debug|Any CPU.Build.0 = Debug|Any CPU
		{18F76742-34D0-433C-9D61-19FFB672FC91}.Debug|Any CPU.Deploy.0 = Debug|Any CPU
		{18F76742-34D0-433C-9D61-19FFB672FC91}.Release|Any CPU.ActiveCfg = Release|Any CPU
		{18F76742-34D0-433C-9D61-19FFB672FC91}.Release|Any CPU.Build.0 = Release|Any CPU
		{18F76742-34D0-433C-9D61-19FFB672FC91}.Release|Any CPU.Deploy.0 = Release|Any CPU
	EndGlobalSection
	GlobalSection(SolutionProperties) = preSolution
		HideSolutionNode = FALSE
	EndGlobalSection
	GlobalSection(NestedProjects) = preSolution
		{E27D6945-216B-463B-82F4-9D8B9CDD60EE} = {4E130A99-52CD-4657-8F24-F8B455CC15E4}
		{FFAEDD39-9F3F-42B9-B63F-0393876DB8A6} = {4CE39F57-AE96-4B86-88AE-F319A4A6199D}
		{4CE39F57-AE96-4B86-88AE-F319A4A6199D} = {4E130A99-52CD-4657-8F24-F8B455CC15E4}
		{DDB836D4-5505-4B8C-8B3B-D815CECB6259} = {762120EE-36DF-4034-A73C-645697E1B96E}
		{43BF3001-EA38-4821-9F02-A6CA74127DA9} = {4E130A99-52CD-4657-8F24-F8B455CC15E4}
		{A08DDF14-4179-4121-8572-28088198943E} = {15B178C3-09CA-4D0A-A9AE-6C8A92EEB685}
		{8C62A650-31D5-4D62-A132-B4E934496304} = {15B178C3-09CA-4D0A-A9AE-6C8A92EEB685}
		{617EB9DF-685B-4F96-8863-1FECB15C29A1} = {7A413FED-90C8-41AF-9EDF-E9DBF90F8E8A}
		{7A413FED-90C8-41AF-9EDF-E9DBF90F8E8A} = {15B178C3-09CA-4D0A-A9AE-6C8A92EEB685}
		{5384F156-3757-40B6-8450-38BA5CEC8185} = {15B178C3-09CA-4D0A-A9AE-6C8A92EEB685}
		{1074F572-7445-484C-94C2-87FE7F6F79FE} = {5384F156-3757-40B6-8450-38BA5CEC8185}
		{12A0752F-D2FD-4703-9F6C-64BED5E80496} = {7A413FED-90C8-41AF-9EDF-E9DBF90F8E8A}
		{9662FF40-6F92-458D-AD9B-CDD7CA7A524D} = {7A413FED-90C8-41AF-9EDF-E9DBF90F8E8A}
		{AB0AD056-D7A7-4554-8859-3A1AC5DF5322} = {15B178C3-09CA-4D0A-A9AE-6C8A92EEB685}
		{18F76742-34D0-433C-9D61-19FFB672FC91} = {4E130A99-52CD-4657-8F24-F8B455CC15E4}
	EndGlobalSection
	GlobalSection(ExtensibilityGlobals) = postSolution
		SolutionGuid = {2572A8D4-8954-49A1-A1FB-F0C141F742B9}
	EndGlobalSection
EndGlobal
